
Microsoft Visual Studio Solution File, Format Version 12.00
# Visual Studio Version 17
VisualStudioVersion = 17.2.32616.157
MinimumVisualStudioVersion = 10.0.40219.1
Project("{2150E333-8FDC-42A3-9474-1A3956D46DE8}") = "src", "src", "{5F093E74-A436-494F-9B3F-2766B9855EBC}"
EndProject
Project("{2150E333-8FDC-42A3-9474-1A3956D46DE8}") = "Enterprise Business Rules", "Enterprise Business Rules", "{4C572A67-AC12-4A41-9DD1-C4B83C716F4C}"
EndProject
Project("{2150E333-8FDC-42A3-9474-1A3956D46DE8}") = "Test", "Test", "{5E5E6547-F04E-4E87-8DC6-92AC3182BC1B}"
EndProject
Project("{2150E333-8FDC-42A3-9474-1A3956D46DE8}") = "Application Business Rules", "Application Business Rules", "{E8FC1FB1-CBF4-4DA9-923E-13DE596AB715}"
EndProject
Project("{9A19103F-16F7-4668-BE54-9A1E7A4F7556}") = "LatinoNet.Entities", "LatinoNet.Entities\LatinoNet.Entities.csproj", "{2A8B26B0-9663-4BE0-B466-DF7C2D5B21D0}"
EndProject
Project("{2150E333-8FDC-42A3-9474-1A3956D46DE8}") = "Interface Adapters", "Interface Adapters", "{15232E0B-E77C-4F99-A5D0-830CDFDF3BAB}"
EndProject
Project("{2150E333-8FDC-42A3-9474-1A3956D46DE8}") = "Gateways", "Gateways", "{CDF3845B-5986-4A46-855A-8755F55FC144}"
EndProject
Project("{9A19103F-16F7-4668-BE54-9A1E7A4F7556}") = "LatinoNet.RepositoryEFCore", "LatinoNet.RepositoryEFCore\LatinoNet.RepositoryEFCore.csproj", "{62C4A6B6-4935-478D-8F5F-7C6F2EB0C1D5}"
EndProject
Project("{FAE04EC0-301F-11D3-BF4B-00C04F79EFBC}") = "LatinoNet.DTOs", "LatinoNet.DTOs\LatinoNet.DTOs.csproj", "{E3D46EED-F7AE-424D-8791-57983DBA3E95}"
EndProject
Project("{2150E333-8FDC-42A3-9474-1A3956D46DE8}") = "NewFolder1", "NewFolder1", "{4CAC5C15-1611-4288-9A20-62D19547A347}"
EndProject
Project("{FAE04EC0-301F-11D3-BF4B-00C04F79EFBC}") = "LatinoNet.UseCasesPorts", "LatinoNet.UseCasesPorts\LatinoNet.UseCasesPorts.csproj", "{9CD3FF49-8EE2-4D0A-90F1-AA2531FF302E}"
EndProject
Project("{FAE04EC0-301F-11D3-BF4B-00C04F79EFBC}") = "LatinoNet.UseCases", "LatinoNet.UseCases\LatinoNet.UseCases.csproj", "{BC5046AE-C95D-46B6-8B7D-43884E2989F7}"
EndProject
Project("{2150E333-8FDC-42A3-9474-1A3956D46DE8}") = "Presenters", "Presenters", "{2D6BCD25-704A-4351-9E22-AB2F26C26DAF}"
EndProject
Project("{FAE04EC0-301F-11D3-BF4B-00C04F79EFBC}") = "LatinoNet.Presenters", "LatinoNet.Presenters\LatinoNet.Presenters.csproj", "{C7A5360A-F1F4-4C13-837C-6044B42B5013}"
EndProject
Project("{2150E333-8FDC-42A3-9474-1A3956D46DE8}") = "Controllers", "Controllers", "{A3F8346B-2AB3-4B5A-9881-87E64F6191A1}"
EndProject
Project("{FAE04EC0-301F-11D3-BF4B-00C04F79EFBC}") = "LatinoNet.Controllers", "LatinoNet.Controllers\LatinoNet.Controllers.csproj", "{D4141EAB-AE3D-4630-8A37-80997EA04595}"
EndProject
Global
	GlobalSection(SolutionConfigurationPlatforms) = preSolution
		Debug|Any CPU = Debug|Any CPU
		Release|Any CPU = Release|Any CPU
	EndGlobalSection
	GlobalSection(ProjectConfigurationPlatforms) = postSolution
		{2A8B26B0-9663-4BE0-B466-DF7C2D5B21D0}.Debug|Any CPU.ActiveCfg = Debug|Any CPU
		{2A8B26B0-9663-4BE0-B466-DF7C2D5B21D0}.Debug|Any CPU.Build.0 = Debug|Any CPU
		{2A8B26B0-9663-4BE0-B466-DF7C2D5B21D0}.Release|Any CPU.ActiveCfg = Release|Any CPU
		{2A8B26B0-9663-4BE0-B466-DF7C2D5B21D0}.Release|Any CPU.Build.0 = Release|Any CPU
		{62C4A6B6-4935-478D-8F5F-7C6F2EB0C1D5}.Debug|Any CPU.ActiveCfg = Debug|Any CPU
		{62C4A6B6-4935-478D-8F5F-7C6F2EB0C1D5}.Debug|Any CPU.Build.0 = Debug|Any CPU
		{62C4A6B6-4935-478D-8F5F-7C6F2EB0C1D5}.Release|Any CPU.ActiveCfg = Release|Any CPU
		{62C4A6B6-4935-478D-8F5F-7C6F2EB0C1D5}.Release|Any CPU.Build.0 = Release|Any CPU
		{E3D46EED-F7AE-424D-8791-57983DBA3E95}.Debug|Any CPU.ActiveCfg = Debug|Any CPU
		{E3D46EED-F7AE-424D-8791-57983DBA3E95}.Debug|Any CPU.Build.0 = Debug|Any CPU
		{E3D46EED-F7AE-424D-8791-57983DBA3E95}.Release|Any CPU.ActiveCfg = Release|Any CPU
		{E3D46EED-F7AE-424D-8791-57983DBA3E95}.Release|Any CPU.Build.0 = Release|Any CPU
		{9CD3FF49-8EE2-4D0A-90F1-AA2531FF302E}.Debug|Any CPU.ActiveCfg = Debug|Any CPU
		{9CD3FF49-8EE2-4D0A-90F1-AA2531FF302E}.Debug|Any CPU.Build.0 = Debug|Any CPU
		{9CD3FF49-8EE2-4D0A-90F1-AA2531FF302E}.Release|Any CPU.ActiveCfg = Release|Any CPU
		{9CD3FF49-8EE2-4D0A-90F1-AA2531FF302E}.Release|Any CPU.Build.0 = Release|Any CPU
		{BC5046AE-C95D-46B6-8B7D-43884E2989F7}.Debug|Any CPU.ActiveCfg = Debug|Any CPU
		{BC5046AE-C95D-46B6-8B7D-43884E2989F7}.Debug|Any CPU.Build.0 = Debug|Any CPU
		{BC5046AE-C95D-46B6-8B7D-43884E2989F7}.Release|Any CPU.ActiveCfg = Release|Any CPU
		{BC5046AE-C95D-46B6-8B7D-43884E2989F7}.Release|Any CPU.Build.0 = Release|Any CPU
		{C7A5360A-F1F4-4C13-837C-6044B42B5013}.Debug|Any CPU.ActiveCfg = Debug|Any CPU
		{C7A5360A-F1F4-4C13-837C-6044B42B5013}.Debug|Any CPU.Build.0 = Debug|Any CPU
		{C7A5360A-F1F4-4C13-837C-6044B42B5013}.Release|Any CPU.ActiveCfg = Release|Any CPU
		{C7A5360A-F1F4-4C13-837C-6044B42B5013}.Release|Any CPU.Build.0 = Release|Any CPU
		{D4141EAB-AE3D-4630-8A37-80997EA04595}.Debug|Any CPU.ActiveCfg = Debug|Any CPU
		{D4141EAB-AE3D-4630-8A37-80997EA04595}.Debug|Any CPU.Build.0 = Debug|Any CPU
		{D4141EAB-AE3D-4630-8A37-80997EA04595}.Release|Any CPU.ActiveCfg = Release|Any CPU
		{D4141EAB-AE3D-4630-8A37-80997EA04595}.Release|Any CPU.Build.0 = Release|Any CPU
	EndGlobalSection
	GlobalSection(SolutionProperties) = preSolution
		HideSolutionNode = FALSE
	EndGlobalSection
	GlobalSection(NestedProjects) = preSolution
		{4C572A67-AC12-4A41-9DD1-C4B83C716F4C} = {5F093E74-A436-494F-9B3F-2766B9855EBC}
		{E8FC1FB1-CBF4-4DA9-923E-13DE596AB715} = {5F093E74-A436-494F-9B3F-2766B9855EBC}
		{2A8B26B0-9663-4BE0-B466-DF7C2D5B21D0} = {4C572A67-AC12-4A41-9DD1-C4B83C716F4C}
		{15232E0B-E77C-4F99-A5D0-830CDFDF3BAB} = {5F093E74-A436-494F-9B3F-2766B9855EBC}
		{CDF3845B-5986-4A46-855A-8755F55FC144} = {15232E0B-E77C-4F99-A5D0-830CDFDF3BAB}
		{62C4A6B6-4935-478D-8F5F-7C6F2EB0C1D5} = {CDF3845B-5986-4A46-855A-8755F55FC144}
		{E3D46EED-F7AE-424D-8791-57983DBA3E95} = {E8FC1FB1-CBF4-4DA9-923E-13DE596AB715}
		{4CAC5C15-1611-4288-9A20-62D19547A347} = {5F093E74-A436-494F-9B3F-2766B9855EBC}
		{9CD3FF49-8EE2-4D0A-90F1-AA2531FF302E} = {E8FC1FB1-CBF4-4DA9-923E-13DE596AB715}
		{BC5046AE-C95D-46B6-8B7D-43884E2989F7} = {E8FC1FB1-CBF4-4DA9-923E-13DE596AB715}
		{2D6BCD25-704A-4351-9E22-AB2F26C26DAF} = {15232E0B-E77C-4F99-A5D0-830CDFDF3BAB}
		{C7A5360A-F1F4-4C13-837C-6044B42B5013} = {2D6BCD25-704A-4351-9E22-AB2F26C26DAF}
		{A3F8346B-2AB3-4B5A-9881-87E64F6191A1} = {15232E0B-E77C-4F99-A5D0-830CDFDF3BAB}
		{D4141EAB-AE3D-4630-8A37-80997EA04595} = {A3F8346B-2AB3-4B5A-9881-87E64F6191A1}
	EndGlobalSection
	GlobalSection(ExtensibilityGlobals) = postSolution
		SolutionGuid = {EC0B6C66-987C-4B0E-AF44-F90147E9AA4E}
	EndGlobalSection
EndGlobal
